
Microsoft Visual Studio Solution File, Format Version 12.00
# Visual Studio Version 16
VisualStudioVersion = 16.0.30413.136
MinimumVisualStudioVersion = 10.0.40219.1
Project("{FAE04EC0-301F-11D3-BF4B-00C04F79EFBC}") = "projectV2", "projectV2\projectV2.csproj", "{D1340BC9-A88C-47C7-8B82-B38359E628F6}"
EndProject
Global
	GlobalSection(SolutionConfigurationPlatforms) = preSolution
		Debug|Any CPU = Debug|Any CPU
		Release|Any CPU = Release|Any CPU
	EndGlobalSection
	GlobalSection(ProjectConfigurationPlatforms) = postSolution
		{D1340BC9-A88C-47C7-8B82-B38359E628F6}.Debug|Any CPU.ActiveCfg = Debug|Any CPU
		{D1340BC9-A88C-47C7-8B82-B38359E628F6}.Debug|Any CPU.Build.0 = Debug|Any CPU
		{D1340BC9-A88C-47C7-8B82-B38359E628F6}.Release|Any CPU.ActiveCfg = Release|Any CPU
		{D1340BC9-A88C-47C7-8B82-B38359E628F6}.Release|Any CPU.Build.0 = Release|Any CPU
	EndGlobalSection
	GlobalSection(SolutionProperties) = preSolution
		HideSolutionNode = FALSE
	EndGlobalSection
	GlobalSection(ExtensibilityGlobals) = postSolution
		SolutionGuid = {0D720D96-B3ED-4B40-BA29-9B2100C4A09E}
	EndGlobalSection
EndGlobal
